
Microsoft Visual Studio Solution File, Format Version 12.00
# Visual Studio 15
VisualStudioVersion = 15.0.26730.16
MinimumVisualStudioVersion = 10.0.40219.1
Project("{9A19103F-16F7-4668-BE54-9A1E7A4F7556}") = "TestCoreConsoleApp", "TestCoreConsoleApp\TestCoreConsoleApp.csproj", "{9F075731-C55B-4E6A-AF56-DD355B1FBDEA}"
EndProject
Project("{E53339B2-1760-4266-BCC7-CA923CBCF16C}") = "docker-compose", "docker-compose.dcproj", "{E32D2DBC-D298-49DB-A0C0-BA0EF63D28C0}"
EndProject
Global
	GlobalSection(SolutionConfigurationPlatforms) = preSolution
		Debug|Any CPU = Debug|Any CPU
		Release|Any CPU = Release|Any CPU
	EndGlobalSection
	GlobalSection(ProjectConfigurationPlatforms) = postSolution
		{9F075731-C55B-4E6A-AF56-DD355B1FBDEA}.Debug|Any CPU.ActiveCfg = Debug|Any CPU
		{9F075731-C55B-4E6A-AF56-DD355B1FBDEA}.Debug|Any CPU.Build.0 = Debug|Any CPU
		{9F075731-C55B-4E6A-AF56-DD355B1FBDEA}.Release|Any CPU.ActiveCfg = Release|Any CPU
		{9F075731-C55B-4E6A-AF56-DD355B1FBDEA}.Release|Any CPU.Build.0 = Release|Any CPU
		{E32D2DBC-D298-49DB-A0C0-BA0EF63D28C0}.Debug|Any CPU.ActiveCfg = Debug|Any CPU
		{E32D2DBC-D298-49DB-A0C0-BA0EF63D28C0}.Debug|Any CPU.Build.0 = Debug|Any CPU
		{E32D2DBC-D298-49DB-A0C0-BA0EF63D28C0}.Release|Any CPU.ActiveCfg = Release|Any CPU
		{E32D2DBC-D298-49DB-A0C0-BA0EF63D28C0}.Release|Any CPU.Build.0 = Release|Any CPU
	EndGlobalSection
	GlobalSection(SolutionProperties) = preSolution
		HideSolutionNode = FALSE
	EndGlobalSection
	GlobalSection(ExtensibilityGlobals) = postSolution
		SolutionGuid = {B10BCDDE-90B2-4188-BF21-AACDDF9FBA6A}
	EndGlobalSection
EndGlobal
